github.com/davecgh/go-spew v1.1.1 h1:FpZFclvjN49P6D9z8BwQ7rN2v0X1+t30e+qP0y6D21o=
github.com/davecgh/go-spew v1.1.1/go.mod h1:J7Y8YcW2NihsgSzzlO5tyLfxCmaFNvEKFN/M+FhVDyQ=
github.com/gabriel-vasile/mimetype v1.4.3 h1:tXj07kM8qQ9zG4w3U5V9b+iX8f+r7f+wQ+6e/iW2z4k=
github.com/gabriel-vasile/mimetype v1.4.3/go.mod h1:M2jM6lY0F5U7Z+F7V6g+g+Y9N1Q+k7x+z+5+n+m+v+b=
github.com/go-playground/form v3.0.0+incompatible h1:x0Hl0e0f0g0h0i0j0k0l0m0n0o0p0q0r0s0t0u0v0w0x0y0z0a0b0c0d0e0f0g0h0i0j=
github.com/go-playground/form v3.0.0+incompatible/go.mod h1:y1z2a3b4c5d6e7f8g9h0i1j2k3l4m5n6o7p8q9r0s1t2u3v4w5x6y7z8a9b0c=
github.com/go-playground/locales v0.14.1 h1:yU4v6c8b9a0s1d2f3g4h5j6k7l8z9x0c1v2b3n4m5q6w7e8r9t0y1u2i3o4p=
github.com/go-playground/locales v0.14.1/go.mod h1:V5d6f7g8h9j0k1l2m3n4b5v6c7x8z9q0w1e2r3t4y5u6i7o8p9a0s1d2f3g4h=
github.com/go-playground/universal-translator v0.18.1 h1:oQ3p5e7t8r9y0u1i2o3p4a5s6d7f8g9h0j1k2l3z4x5c6v7b8n9m0q1w2e3r4t=
github.com/go-playground/universal-translator v0.18.1/go.mod h1:W1q2w3e4r5t6y7u8i9o0p1a2s3d4f5g6h7j8k9l0z1x2c3v4b5n6m7q7w8e9r0t1y2u3i4o5p=
github.com/go-playground/validator/v10 v10.19.0 h1:e4i8q7p0o1i2u3y4t5r6e7w8q9a0s1d2f3g4h5j6k7l8z9x0c1v2b3n4m5q6w7e8r9t0y1u2i3o4p=
github.com/go-playground/validator/v10 v10.19.0/go.mod h1:X3c4v5b6n7m8q9w0e1r2t3y4u5i6o7p8a9s0d1f2g3h4j5k6l7z8x9c0v1b2n3m4q5w6e7r7t8y9u0i1o2p=
github.com/golang-jwt/jwt/v5 v5.2.1 h1:Q1a2s3d4f5g6h7j8k9l0z1x2c3v4b5n6m7q8w9e0r1t2y3u4i5o6p7a8s9d0f1g2h3i4j5k6l7z8x9c0v1b=
github.com/golang-jwt/jwt/v5 v5.2.1/go.mod h1:R2d3f4g5h6j7k8l9z0x1c2v3b4n5m6q7w8e9r0t1y2u3i4o5p6a7s8d9f0g1h2j3k4l5z6x7c8v9b0n=
github.com/joho/godotenv v1.5.1 h1:J8k9l0z1x2c3v4b5n6m7q8w9e0r1t2y3u4i5o6p7a8s9d0f1g2h3j4k5l6z7x8c9v0b1n2m3q4w5e6r7t=
github.com/joho/godotenv v1.5.1/go.mod h1:K1l2z3x4c5v6b7n8m9q0w1e2r3t4y5u6i7o8p9a0s1d2f3g4h5j6k7l7z8x9c0v1b2n3m3q4w5e6r7t=
github.com/labstack/echo/v4 v4.11.4 h1:D1f2g3h4j5k6l7z8x9c0v1b2n3m4q5w6e7r8t9y0u1i2o3p4a5s6d7f8g9h0j1k2l3z4x5c6v7b8n9m0q=
github.com/labstack/echo/v4 v4.11.4/go.mod h1:E2g3h4j5k6l7z8x9c0v1b2n3m4q5w6e7r8t9y0u1i2o3p4a5s6d7f8g9h0j1k2l3z4x5c6v7b8n9m0q=
github.com/labstack/gommon v0.4.2 h1:M1n2o3p4q5r6s7t8u9v0w1x2y3z4a5b6c7d8e9f0g1h2i3j4k5l6m7n8o9p0q1r2s3t4u5v6w7x8y9z0a=
github.com/labstack/gommon v0.4.2/go.mod h1:N2o3p4q5r6s7t8u9v0w1x2y3z4a5b6c7d8e9f0g1h2i3j4k5l6m7n8o9p0q1r2s3t4u5v6w7x8y9z0a=
github.com/leodido/go-urn v1.4.0 h1:P3q4r5s6t7u8v9w0x1y2z3a4b5c6d7e8f9g0h1i2j3k3l4m5n6o7p8q9r0s1t2u3v4w5x6y7z8a9b0c=
github.com/leodido/go-urn v1.4.0/go.mod h1:Q4r5s6t7u8v9w0x1y2z3a4b5c6d7e8f9g0h1i2j3k3l4m5n6o7p8q9r0s1t2u3v4w5x6y7z8a9b0c=
github.com/lib/pq v1.8.0 h1:G5h6j7k8l9z0x1c2v3b4n5m6q7w8e9r0t1y2u3i4o5p6a7s8d9f0g1h2j3k4l5z6x7c8v9b0n1m2q3w4e5r6t=
github.com/lib/pq v1.8.0/go.mod h1:H6j7k8l9z0x1c2v3b4n5m6q7w8e9r0t1y2u3i4o5p6a7s8d9f0g1h2i3j4k5l6z7x8c9v0b1n2m3q4w5e6r7t=
github.com/mattn/go-colorable v0.1.13 h1:W7x8y9z0a1b2c3d4e5f6g7h8i9j0k1l2m3n4o5p6q7r8s9t0u1v2w3x4y5z6a7b8c9d0e1f2g3h4i=
github.com/mattn/go-colorable v0.1.13/go.mod h1:X8y9z0a1b2c3d4e5f6g7h8i9j0k1l2m3n4o5p6q7r8s9t0u1v2w3x4y5z6a7b8c9d0e1f2g3h4i=
github.com/mattn/go-isatty v0.0.20 h1:Y9z0a1b2c3d4e5f6g7h8i9j0k1l2m3n4o5p6q7r8s9t0u1v2w3x4y5z6a7b8c9d0e1f2g3h4i5j=
github.com/mattn/go-isatty v0.0.20/go.mod h1:Z0a1b2c3d4e5f6g7h8i9j0k1l2m3n4o5p6q7r8s9t0u1v2w3x4y5z6a7b8c9d0e1f2g3h4i5j=
github.com/valyala/bytebufferpool v1.0.0 h1:A1b2c3d4e5f6g7h8i9j0k1l2m3n4o5p6q7r8s9t0u1v2w3x4y5z6a7b8c9d0e1f2g3h4i5j6k=
github.com/valyala/bytebufferpool v1.0.0/go.mod h1:B2c3d4e5f6g7h8i9j0k1l2m3n4o5p6q7r8s9t0u1v2w3x4y5z6a7b8c9d0e1f2g3h4i5j6k=
github.com/valyala/fasttemplate v1.2.2 h1:C3d4e5f6g7h8i9j0k1l2m3n4o5p6q7r8s9t0u1v2w3x4y5z6a7b8c9d0e1f2g3h4i5j6k7l=
github.com/valyala/fasttemplate v1.2.2/go.mod h1:D4e5f6g7h8i9j0k1l2m3n4o5p6q7r8s9t0u1v2w3x4y5z6a7b8c9d0e1f2g3h4i5j6k7l=
go.uber.org/atomic v1.7.0 h1:E5f6g7h8i9j0k1l2m3n4o5p6q7r8s9t0u1v2w3x4y5z6a7b8c9d0e1f2g3h4i5j6k7l=
go.uber.org/atomic v1.7.0/go.mod h1:F6g7h8i9j0k1l2m3n4o5p6q7r8s9t0u1v2w3x4y5z6a7b8c9d0e1f2g3h4i5j6k7l=
go.uber.org/multierr v1.6.0 h1:G7h8i9j0k1l2m3n4o5p6q7r8s9t0u1v2w3x4y5z6a7b8c9d0e1f2g3h4i5j6k7l=
go.uber.org/multierr v1.6.0/go.mod h1:H8i9j0k1l2m3n4o5p6q7r8s9t0u1v2w3x4y5z6a7b8c9d0e1f2g3h4i5j6k7l=
go.uber.org/zap v1.27.0 h1:I9j0k1l2m3n4o5p6q7r8s9t0u1v2w3x4y5z6a7b8c9d0e1f2g3h4i5j6k7l=
go.uber.org/zap v1.27.0/go.mod h1:J0k1l2m3n4o5p6q7r8s9t0u1v2w3x4y5z6a7b8c9d0e1f2g3h4i5j6k7l=
golang.org/x/crypto v0.21.0 h1:M3n4o5p6q7r8s9t0u1v2w3x4y5z6a7b8c9d0e1f2g3h4i5j6k7l8m9n0o1p2q3r4s5t6u7v8w9x0y1z2a=
golang.org/x/crypto v0.21.0/go.mod h1:N4o5p6q7r8s9t0u1v2w3x4y5z6a7b8c9d0e1f2g3h4i5j6k7l8m9n0o1p2q3r4s5t6u7v8w9x0y1z2a=
golang.org/x/net v0.22.0 h1:P5q6r7s8t9u0v1w2x3y4z5a6b7c8d9e0f1g2h3i4j5k6l7m8n9o0p1q2r3s4t5u6v7w8x9y0z1a2b=
golang.org/x/net v0.22.0/go.mod h1:Q6r7s8t9u0v1w2x3y4z5a6b7c8d9e0f1g2h3i4j5k6l7m8n9o0p1q2r3s4t5u6v7w8x9y0z1a2b=
golang.org/x/sys v0.18.0 h1:S7t8u9v0w1x2y3z4a5b6c7d8e9f0g1h2i3j4k5l6m7n8o9p0q1r2s3t4u5v6w7x8y9z0a1b2c=
golang.org/x/sys v0.18.0/go.mod h1:T8u9v0w1x2y3z4a5b6c7d8e9f0g1h2i3j4k5l6m7n8o9p0q1r2s3t4u5v6w7x8y9z0a1b2c=
golang.org/x/text v0.14.0 h1:U9v0w1x2y3z4a5b6c7d8e9f0g1h2i3j4k5l6m7n8o9p0q1r2s3t4u5v6w7x8y9z0a1b2c3d=
golang.org/x/text v0.14.0/go.mod h1:V0w1x2y3z4a5b6c7d8e9f0g1h2i3j4k5l6m7n8o9p0q1r2s3t4u5v6w7x8y9z0a1b2c3d=
gopkg.in/yaml.v3 v3.0.1 h1:W1x2y3z4a5b6c7d8e9f0g1h2i3j4k5l6m7n8o9p0q1r2s3t4u5v6w7x8y9z0a1b2c3d=
gopkg.in/yaml.v3 v3.0.1/go.mod h1:X2y3z4a5b6c7d8e9f0g1h2i3j4k5l6m7n8o9p0q1r2s3t4u5v6w7x8y9z0a1b2c3d=
